
Microsoft Visual Studio Solution File, Format Version 12.00
# Visual Studio Version 16
VisualStudioVersion = 16.0.31624.102
MinimumVisualStudioVersion = 10.0.40219.1
Project("{9A19103F-16F7-4668-BE54-9A1E7A4F7556}") = "DomainServices", "DomainServices\DomainServices.csproj", "{0E7F3FF1-AB69-43B1-B1A4-8EC177C5616C}"
EndProject
Project("{9A19103F-16F7-4668-BE54-9A1E7A4F7556}") = "DomainServices.Test", "DomainServices.Test\DomainServices.Test.csproj", "{3A37F522-9BAB-433F-B2AF-1A7BBDDDA172}"
EndProject
Global
	GlobalSection(SolutionConfigurationPlatforms) = preSolution
		Debug|Any CPU = Debug|Any CPU
		Release|Any CPU = Release|Any CPU
	EndGlobalSection
	GlobalSection(ProjectConfigurationPlatforms) = postSolution
		{0E7F3FF1-AB69-43B1-B1A4-8EC177C5616C}.Debug|Any CPU.ActiveCfg = Debug|Any CPU
		{0E7F3FF1-AB69-43B1-B1A4-8EC177C5616C}.Debug|Any CPU.Build.0 = Debug|Any CPU
		{0E7F3FF1-AB69-43B1-B1A4-8EC177C5616C}.Release|Any CPU.ActiveCfg = Release|Any CPU
		{0E7F3FF1-AB69-43B1-B1A4-8EC177C5616C}.Release|Any CPU.Build.0 = Release|Any CPU
		{3A37F522-9BAB-433F-B2AF-1A7BBDDDA172}.Debug|Any CPU.ActiveCfg = Debug|Any CPU
		{3A37F522-9BAB-433F-B2AF-1A7BBDDDA172}.Debug|Any CPU.Build.0 = Debug|Any CPU
		{3A37F522-9BAB-433F-B2AF-1A7BBDDDA172}.Release|Any CPU.ActiveCfg = Release|Any CPU
		{3A37F522-9BAB-433F-B2AF-1A7BBDDDA172}.Release|Any CPU.Build.0 = Release|Any CPU
	EndGlobalSection
	GlobalSection(SolutionProperties) = preSolution
		HideSolutionNode = FALSE
	EndGlobalSection
	GlobalSection(ExtensibilityGlobals) = postSolution
		SolutionGuid = {EA2C6697-9CA0-4CB6-81A0-5DAF2A4F0568}
	EndGlobalSection
EndGlobal
